// !$*UTF8*$!
{
	archiveVersion = 1;
	classes = {
	};
	objectVersion = 50;
	objects = {

/* Begin PBXBuildFile section */
		55579451262F4FDF001DCFF0 /* AppDelegate.swift in Sources */ = {isa = PBXBuildFile; fileRef = 55579450262F4FDF001DCFF0 /* AppDelegate.swift */; };
		55579453262F4FDF001DCFF0 /* SceneDelegate.swift in Sources */ = {isa = PBXBuildFile; fileRef = 55579452262F4FDF001DCFF0 /* SceneDelegate.swift */; };
		55579455262F4FDF001DCFF0 /* ViewController.swift in Sources */ = {isa = PBXBuildFile; fileRef = 55579454262F4FDF001DCFF0 /* ViewController.swift */; };
		55579458262F4FDF001DCFF0 /* Main.storyboard in Resources */ = {isa = PBXBuildFile; fileRef = 55579456262F4FDF001DCFF0 /* Main.storyboard */; };
		5557945A262F4FE0001DCFF0 /* Assets.xcassets in Resources */ = {isa = PBXBuildFile; fileRef = 55579459262F4FE0001DCFF0 /* Assets.xcassets */; };
		5557945D262F4FE0001DCFF0 /* LaunchScreen.storyboard in Resources */ = {isa = PBXBuildFile; fileRef = 5557945B262F4FE0001DCFF0 /* LaunchScreen.storyboard */; };
		55579468262F6380001DCFF0 /* BoredModel.xcdatamodeld in Sources */ = {isa = PBXBuildFile; fileRef = 55579466262F6380001DCFF0 /* BoredModel.xcdatamodeld */; };
		5557946B262F6C62001DCFF0 /* FavActivity.swift in Sources */ = {isa = PBXBuildFile; fileRef = 5557946A262F6C62001DCFF0 /* FavActivity.swift */; };
		5557947C262F7310001DCFF0 /* BoredTableViewController.swift in Sources */ = {isa = PBXBuildFile; fileRef = 5557947B262F7310001DCFF0 /* BoredTableViewController.swift */; };
		5557947F262F7461001DCFF0 /* BoredCell.swift in Sources */ = {isa = PBXBuildFile; fileRef = 5557947E262F7461001DCFF0 /* BoredCell.swift */; };
		55579484262F76DA001DCFF0 /* BoredFetcher.swift in Sources */ = {isa = PBXBuildFile; fileRef = 55579483262F76DA001DCFF0 /* BoredFetcher.swift */; };
		5557948B262F8670001DCFF0 /* MyFavorite.swift in Sources */ = {isa = PBXBuildFile; fileRef = 5557948A262F8670001DCFF0 /* MyFavorite.swift */; };
		5557948F262F8CF0001DCFF0 /* DatabaseHelper.swift in Sources */ = {isa = PBXBuildFile; fileRef = 5557948E262F8CF0001DCFF0 /* DatabaseHelper.swift */; };
/* End PBXBuildFile section */

/* Begin PBXFileReference section */
		5557944D262F4FDF001DCFF0 /* Yuki_Bored.app */ = {isa = PBXFileReference; explicitFileType = wrapper.application; includeInIndex = 0; path = Yuki_Bored.app; sourceTree = BUILT_PRODUCTS_DIR; };
		55579450262F4FDF001DCFF0 /* AppDelegate.swift */ = {isa = PBXFileReference; lastKnownFileType = sourcecode.swift; path = AppDelegate.swift; sourceTree = "<group>"; };
		55579452262F4FDF001DCFF0 /* SceneDelegate.swift */ = {isa = PBXFileReference; lastKnownFileType = sourcecode.swift; path = SceneDelegate.swift; sourceTree = "<group>"; };
		55579454262F4FDF001DCFF0 /* ViewController.swift */ = {isa = PBXFileReference; lastKnownFileType = sourcecode.swift; path = ViewController.swift; sourceTree = "<group>"; };
		55579457262F4FDF001DCFF0 /* Base */ = {isa = PBXFileReference; lastKnownFileType = file.storyboard; name = Base; path = Base.lproj/Main.storyboard; sourceTree = "<group>"; };
		55579459262F4FE0001DCFF0 /* Assets.xcassets */ = {isa = PBXFileReference; lastKnownFileType = folder.assetcatalog; path = Assets.xcassets; sourceTree = "<group>"; };
		5557945C262F4FE0001DCFF0 /* Base */ = {isa = PBXFileReference; lastKnownFileType = file.storyboard; name = Base; path = Base.lproj/LaunchScreen.storyboard; sourceTree = "<group>"; };
		5557945E262F4FE0001DCFF0 /* Info.plist */ = {isa = PBXFileReference; lastKnownFileType = text.plist.xml; path = Info.plist; sourceTree = "<group>"; };
		55579467262F6380001DCFF0 /* Bored.xcdatamodel */ = {isa = PBXFileReference; lastKnownFileType = wrapper.xcdatamodel; path = Bored.xcdatamodel; sourceTree = "<group>"; };
		5557946A262F6C62001DCFF0 /* FavActivity.swift */ = {isa = PBXFileReference; lastKnownFileType = sourcecode.swift; path = FavActivity.swift; sourceTree = "<group>"; };
		5557947B262F7310001DCFF0 /* BoredTableViewController.swift */ = {isa = PBXFileReference; lastKnownFileType = sourcecode.swift; path = BoredTableViewController.swift; sourceTree = "<group>"; };
		5557947E262F7461001DCFF0 /* BoredCell.swift */ = {isa = PBXFileReference; lastKnownFileType = sourcecode.swift; path = BoredCell.swift; sourceTree = "<group>"; };
		55579483262F76DA001DCFF0 /* BoredFetcher.swift */ = {isa = PBXFileReference; lastKnownFileType = sourcecode.swift; path = BoredFetcher.swift; sourceTree = "<group>"; };
		5557948A262F8670001DCFF0 /* MyFavorite.swift */ = {isa = PBXFileReference; lastKnownFileType = sourcecode.swift; path = MyFavorite.swift; sourceTree = "<group>"; };
		5557948E262F8CF0001DCFF0 /* DatabaseHelper.swift */ = {isa = PBXFileReference; lastKnownFileType = sourcecode.swift; path = DatabaseHelper.swift; sourceTree = "<group>"; };
/* End PBXFileReference section */

/* Begin PBXFrameworksBuildPhase section */
		5557944A262F4FDF001DCFF0 /* Frameworks */ = {
			isa = PBXFrameworksBuildPhase;
			buildActionMask = 2147483647;
			files = (
			);
			runOnlyForDeploymentPostprocessing = 0;
		};
/* End PBXFrameworksBuildPhase section */

/* Begin PBXGroup section */
		55579444262F4FDF001DCFF0 = {
			isa = PBXGroup;
			children = (
				5557944F262F4FDF001DCFF0 /* Yuki_Bored */,
				5557944E262F4FDF001DCFF0 /* Products */,
			);
			sourceTree = "<group>";
		};
		5557944E262F4FDF001DCFF0 /* Products */ = {
			isa = PBXGroup;
			children = (
				5557944D262F4FDF001DCFF0 /* Yuki_Bored.app */,
			);
			name = Products;
			sourceTree = "<group>";
		};
		5557944F262F4FDF001DCFF0 /* Yuki_Bored */ = {
			isa = PBXGroup;
			children = (
				55579481262F7469001DCFF0 /* view */,
				5557946D262F705D001DCFF0 /* controller */,
				55579465262F598E001DCFF0 /* model */,
				55579450262F4FDF001DCFF0 /* AppDelegate.swift */,
				55579452262F4FDF001DCFF0 /* SceneDelegate.swift */,
				55579454262F4FDF001DCFF0 /* ViewController.swift */,
				55579456262F4FDF001DCFF0 /* Main.storyboard */,
				55579459262F4FE0001DCFF0 /* Assets.xcassets */,
				5557945B262F4FE0001DCFF0 /* LaunchScreen.storyboard */,
				5557945E262F4FE0001DCFF0 /* Info.plist */,
				55579466262F6380001DCFF0 /* BoredModel.xcdatamodeld */,
			);
			path = Yuki_Bored;
			sourceTree = "<group>";
		};
		55579465262F598E001DCFF0 /* model */ = {
			isa = PBXGroup;
			children = (
				5557946A262F6C62001DCFF0 /* FavActivity.swift */,
				5557948A262F8670001DCFF0 /* MyFavorite.swift */,
			);
			path = model;
			sourceTree = "<group>";
		};
		5557946D262F705D001DCFF0 /* controller */ = {
			isa = PBXGroup;
			children = (
				55579483262F76DA001DCFF0 /* BoredFetcher.swift */,
				5557948E262F8CF0001DCFF0 /* DatabaseHelper.swift */,
			);
			path = controller;
			sourceTree = "<group>";
		};
		55579481262F7469001DCFF0 /* view */ = {
			isa = PBXGroup;
			children = (
				5557947E262F7461001DCFF0 /* BoredCell.swift */,
				5557947B262F7310001DCFF0 /* BoredTableViewController.swift */,
			);
			path = view;
			sourceTree = "<group>";
		};
/* End PBXGroup section */

/* Begin PBXNativeTarget section */
		5557944C262F4FDF001DCFF0 /* Yuki_Bored */ = {
			isa = PBXNativeTarget;
			buildConfigurationList = 55579461262F4FE0001DCFF0 /* Build configuration list for PBXNativeTarget "Yuki_Bored" */;
			buildPhases = (
				55579449262F4FDF001DCFF0 /* Sources */,
				5557944A262F4FDF001DCFF0 /* Frameworks */,
				5557944B262F4FDF001DCFF0 /* Resources */,
			);
			buildRules = (
			);
			dependencies = (
			);
			name = Yuki_Bored;
			productName = Yuki_Bored;
			productReference = 5557944D262F4FDF001DCFF0 /* Yuki_Bored.app */;
			productType = "com.apple.product-type.application";
		};
/* End PBXNativeTarget section */

/* Begin PBXProject section */
		55579445262F4FDF001DCFF0 /* Project object */ = {
			isa = PBXProject;
			attributes = {
				LastSwiftUpdateCheck = 1230;
				LastUpgradeCheck = 1230;
				TargetAttributes = {
					5557944C262F4FDF001DCFF0 = {
						CreatedOnToolsVersion = 12.3;
					};
				};
			};
			buildConfigurationList = 55579448262F4FDF001DCFF0 /* Build configuration list for PBXProject "Yuki_Bored" */;
			compatibilityVersion = "Xcode 9.3";
			developmentRegion = en;
			hasScannedForEncodings = 0;
			knownRegions = (
				en,
				Base,
			);
			mainGroup = 55579444262F4FDF001DCFF0;
			productRefGroup = 5557944E262F4FDF001DCFF0 /* Products */;
			projectDirPath = "";
			projectRoot = "";
			targets = (
				5557944C262F4FDF001DCFF0 /* Yuki_Bored */,
			);
		};
/* End PBXProject section */

/* Begin PBXResourcesBuildPhase section */
		5557944B262F4FDF001DCFF0 /* Resources */ = {
			isa = PBXResourcesBuildPhase;
			buildActionMask = 2147483647;
			files = (
				5557945D262F4FE0001DCFF0 /* LaunchScreen.storyboard in Resources */,
				5557945A262F4FE0001DCFF0 /* Assets.xcassets in Resources */,
				55579458262F4FDF001DCFF0 /* Main.storyboard in Resources */,
			);
			runOnlyForDeploymentPostprocessing = 0;
		};
/* End PBXResourcesBuildPhase section */

/* Begin PBXSourcesBuildPhase section */
		55579449262F4FDF001DCFF0 /* Sources */ = {
			isa = PBXSourcesBuildPhase;
			buildActionMask = 2147483647;
			files = (
				5557946B262F6C62001DCFF0 /* FavActivity.swift in Sources */,
				55579455262F4FDF001DCFF0 /* ViewController.swift in Sources */,
				55579484262F76DA001DCFF0 /* BoredFetcher.swift in Sources */,
				55579451262F4FDF001DCFF0 /* AppDelegate.swift in Sources */,
				5557947F262F7461001DCFF0 /* BoredCell.swift in Sources */,
				5557948B262F8670001DCFF0 /* MyFavorite.swift in Sources */,
				5557948F262F8CF0001DCFF0 /* DatabaseHelper.swift in Sources */,
				55579468262F6380001DCFF0 /* BoredModel.xcdatamodeld in Sources */,
				5557947C262F7310001DCFF0 /* BoredTableViewController.swift in Sources */,
				55579453262F4FDF001DCFF0 /* SceneDelegate.swift in Sources */,
			);
			runOnlyForDeploymentPostprocessing = 0;
		};
/* End PBXSourcesBuildPhase section */

/* Begin PBXVariantGroup section */
		55579456262F4FDF001DCFF0 /* Main.storyboard */ = {
			isa = PBXVariantGroup;
			children = (
				55579457262F4FDF001DCFF0 /* Base */,
			);
			name = Main.storyboard;
			sourceTree = "<group>";
		};
		5557945B262F4FE0001DCFF0 /* LaunchScreen.storyboard */ = {
			isa = PBXVariantGroup;
			children = (
				5557945C262F4FE0001DCFF0 /* Base */,
			);
			name = LaunchScreen.storyboard;
			sourceTree = "<group>";
		};
/* End PBXVariantGroup section */

/* Begin XCBuildConfiguration section */
		5557945F262F4FE0001DCFF0 /* Debug */ = {
			isa = XCBuildConfiguration;
			buildSettings = {
				ALWAYS_SEARCH_USER_PATHS = NO;
				CLANG_ANALYZER_NONNULL = YES;
				CLANG_ANALYZER_NUMBER_OBJECT_CONVERSION = YES_AGGRESSIVE;
				CLANG_CXX_LANGUAGE_STANDARD = "gnu++14";
				CLANG_CXX_LIBRARY = "libc++";
				CLANG_ENABLE_MODULES = YES;
				CLANG_ENABLE_OBJC_ARC = YES;
				CLANG_ENABLE_OBJC_WEAK = YES;
				CLANG_WARN_BLOCK_CAPTURE_AUTORELEASING = YES;
				CLANG_WARN_BOOL_CONVERSION = YES;
				CLANG_WARN_COMMA = YES;
				CLANG_WARN_CONSTANT_CONVERSION = YES;
				CLANG_WARN_DEPRECATED_OBJC_IMPLEMENTATIONS = YES;
				CLANG_WARN_DIRECT_OBJC_ISA_USAGE = YES_ERROR;
				CLANG_WARN_DOCUMENTATION_COMMENTS = YES;
				CLANG_WARN_EMPTY_BODY = YES;
				CLANG_WARN_ENUM_CONVERSION = YES;
				CLANG_WARN_INFINITE_RECURSION = YES;
				CLANG_WARN_INT_CONVERSION = YES;
				CLANG_WARN_NON_LITERAL_NULL_CONVERSION = YES;
				CLANG_WARN_OBJC_IMPLICIT_RETAIN_SELF = YES;
				CLANG_WARN_OBJC_LITERAL_CONVERSION = YES;
				CLANG_WARN_OBJC_ROOT_CLASS = YES_ERROR;
				CLANG_WARN_QUOTED_INCLUDE_IN_FRAMEWORK_HEADER = YES;
				CLANG_WARN_RANGE_LOOP_ANALYSIS = YES;
				CLANG_WARN_STRICT_PROTOTYPES = YES;
				CLANG_WARN_SUSPICIOUS_MOVE = YES;
				CLANG_WARN_UNGUARDED_AVAILABILITY = YES_AGGRESSIVE;
				CLANG_WARN_UNREACHABLE_CODE = YES;
				CLANG_WARN__DUPLICATE_METHOD_MATCH = YES;
				COPY_PHASE_STRIP = NO;
				DEBUG_INFORMATION_FORMAT = dwarf;
				ENABLE_STRICT_OBJC_MSGSEND = YES;
				ENABLE_TESTABILITY = YES;
				GCC_C_LANGUAGE_STANDARD = gnu11;
				GCC_DYNAMIC_NO_PIC = NO;
				GCC_NO_COMMON_BLOCKS = YES;
				GCC_OPTIMIZATION_LEVEL = 0;
				GCC_PREPROCESSOR_DEFINITIONS = (
					"DEBUG=1",
					"$(inherited)",
				);
				GCC_WARN_64_TO_32_BIT_CONVERSION = YES;
				GCC_WARN_ABOUT_RETURN_TYPE = YES_ERROR;
				GCC_WARN_UNDECLARED_SELECTOR = YES;
				GCC_WARN_UNINITIALIZED_AUTOS = YES_AGGRESSIVE;
				GCC_WARN_UNUSED_FUNCTION = YES;
				GCC_WARN_UNUSED_VARIABLE = YES;
				IPHONEOS_DEPLOYMENT_TARGET = 14.3;
				MTL_ENABLE_DEBUG_INFO = INCLUDE_SOURCE;
				MTL_FAST_MATH = YES;
				ONLY_ACTIVE_ARCH = YES;
				SDKROOT = iphoneos;
				SWIFT_ACTIVE_COMPILATION_CONDITIONS = DEBUG;
				SWIFT_OPTIMIZATION_LEVEL = "-Onone";
			};
			name = Debug;
		};
		55579460262F4FE0001DCFF0 /* Release */ = {
			isa = XCBuildConfiguration;
			buildSettings = {
				ALWAYS_SEARCH_USER_PATHS = NO;
				CLANG_ANALYZER_NONNULL = YES;
				CLANG_ANALYZER_NUMBER_OBJECT_CONVERSION = YES_AGGRESSIVE;
				CLANG_CXX_LANGUAGE_STANDARD = "gnu++14";
				CLANG_CXX_LIBRARY = "libc++";
				CLANG_ENABLE_MODULES = YES;
				CLANG_ENABLE_OBJC_ARC = YES;
				CLANG_ENABLE_OBJC_WEAK = YES;
				CLANG_WARN_BLOCK_CAPTURE_AUTORELEASING = YES;
				CLANG_WARN_BOOL_CONVERSION = YES;
				CLANG_WARN_COMMA = YES;
				CLANG_WARN_CONSTANT_CONVERSION = YES;
				CLANG_WARN_DEPRECATED_OBJC_IMPLEMENTATIONS = YES;
				CLANG_WARN_DIRECT_OBJC_ISA_USAGE = YES_ERROR;
				CLANG_WARN_DOCUMENTATION_COMMENTS = YES;
				CLANG_WARN_EMPTY_BODY = YES;
				CLANG_WARN_ENUM_CONVERSION = YES;
				CLANG_WARN_INFINITE_RECURSION = YES;
				CLANG_WARN_INT_CONVERSION = YES;
				CLANG_WARN_NON_LITERAL_NULL_CONVERSION = YES;
				CLANG_WARN_OBJC_IMPLICIT_RETAIN_SELF = YES;
				CLANG_WARN_OBJC_LITERAL_CONVERSION = YES;
				CLANG_WARN_OBJC_ROOT_CLASS = YES_ERROR;
				CLANG_WARN_QUOTED_INCLUDE_IN_FRAMEWORK_HEADER = YES;
				CLANG_WARN_RANGE_LOOP_ANALYSIS = YES;
				CLANG_WARN_STRICT_PROTOTYPES = YES;
				CLANG_WARN_SUSPICIOUS_MOVE = YES;
				CLANG_WARN_UNGUARDED_AVAILABILITY = YES_AGGRESSIVE;
				CLANG_WARN_UNREACHABLE_CODE = YES;
				CLANG_WARN__DUPLICATE_METHOD_MATCH = YES;
				COPY_PHASE_STRIP = NO;
				DEBUG_INFORMATION_FORMAT = "dwarf-with-dsym";
				ENABLE_NS_ASSERTIONS = NO;
				ENABLE_STRICT_OBJC_MSGSEND = YES;
				GCC_C_LANGUAGE_STANDARD = gnu11;
				GCC_NO_COMMON_BLOCKS = YES;
				GCC_WARN_64_TO_32_BIT_CONVERSION = YES;
				GCC_WARN_ABOUT_RETURN_TYPE = YES_ERROR;
				GCC_WARN_UNDECLARED_SELECTOR = YES;
				GCC_WARN_UNINITIALIZED_AUTOS = YES_AGGRESSIVE;
				GCC_WARN_UNUSED_FUNCTION = YES;
				GCC_WARN_UNUSED_VARIABLE = YES;
				IPHONEOS_DEPLOYMENT_TARGET = 14.3;
				MTL_ENABLE_DEBUG_INFO = NO;
				MTL_FAST_MATH = YES;
				SDKROOT = iphoneos;
				SWIFT_COMPILATION_MODE = wholemodule;
				SWIFT_OPTIMIZATION_LEVEL = "-O";
				VALIDATE_PRODUCT = YES;
			};
			name = Release;
		};
		55579462262F4FE0001DCFF0 /* Debug */ = {
			isa = XCBuildConfiguration;
			buildSettings = {
				ASSETCATALOG_COMPILER_APPICON_NAME = AppIcon;
				ASSETCATALOG_COMPILER_GLOBAL_ACCENT_COLOR_NAME = AccentColor;
				CODE_SIGN_STYLE = Automatic;
				DEVELOPMENT_TEAM = H9GV793Q3C;
				INFOPLIST_FILE = Yuki_Bored/Info.plist;
				LD_RUNPATH_SEARCH_PATHS = (
					"$(inherited)",
					"@executable_path/Frameworks",
				);
				PRODUCT_BUNDLE_IDENTIFIER = "YW.Yuki-Bored";
				PRODUCT_NAME = "$(TARGET_NAME)";
				SWIFT_VERSION = 5.0;
				TARGETED_DEVICE_FAMILY = "1,2";
			};
			name = Debug;
		};
		55579463262F4FE0001DCFF0 /* Release */ = {
			isa = XCBuildConfiguration;
			buildSettings = {
				ASSETCATALOG_COMPILER_APPICON_NAME = AppIcon;
				ASSETCATALOG_COMPILER_GLOBAL_ACCENT_COLOR_NAME = AccentColor;
				CODE_SIGN_STYLE = Automatic;
				DEVELOPMENT_TEAM = H9GV793Q3C;
				INFOPLIST_FILE = Yuki_Bored/Info.plist;
				LD_RUNPATH_SEARCH_PATHS = (
					"$(inherited)",
					"@executable_path/Frameworks",
				);
				PRODUCT_BUNDLE_IDENTIFIER = "YW.Yuki-Bored";
				PRODUCT_NAME = "$(TARGET_NAME)";
				SWIFT_VERSION = 5.0;
				TARGETED_DEVICE_FAMILY = "1,2";
			};
			name = Release;
		};
/* End XCBuildConfiguration section */

/* Begin XCConfigurationList section */
		55579448262F4FDF001DCFF0 /* Build configuration list for PBXProject "Yuki_Bored" */ = {
			isa = XCConfigurationList;
			buildConfigurations = (
				5557945F262F4FE0001DCFF0 /* Debug */,
				55579460262F4FE0001DCFF0 /* Release */,
			);
			defaultConfigurationIsVisible = 0;
			defaultConfigurationName = Release;
		};
		55579461262F4FE0001DCFF0 /* Build configuration list for PBXNativeTarget "Yuki_Bored" */ = {
			isa = XCConfigurationList;
			buildConfigurations = (
				55579462262F4FE0001DCFF0 /* Debug */,
				55579463262F4FE0001DCFF0 /* Release */,
			);
			defaultConfigurationIsVisible = 0;
			defaultConfigurationName = Release;
		};
/* End XCConfigurationList section */

/* Begin XCVersionGroup section */
		55579466262F6380001DCFF0 /* BoredModel.xcdatamodeld */ = {
			isa = XCVersionGroup;
			children = (
				55579467262F6380001DCFF0 /* Bored.xcdatamodel */,
			);
			currentVersion = 55579467262F6380001DCFF0 /* Bored.xcdatamodel */;
			path = BoredModel.xcdatamodeld;
			sourceTree = "<group>";
			versionGroupType = wrapper.xcdatamodel;
		};
/* End XCVersionGroup section */
	};
	rootObject = 55579445262F4FDF001DCFF0 /* Project object */;
}
